{
  "name": "gatech-swapr-server-node",
  "version": "1.0.0",
  "lockfileVersion": 1,
  "requires": true,
  "dependencies": {
    "is-npm-not-yarn": {
      "version": "2.0.4",
      "resolved": "https://registry.npmjs.org/is-npm-not-yarn/-/is-npm-not-yarn-2.0.4.tgz",
      "integrity": "sha1-zfZMicv9VkrZSYCDgnIxd6EJ7Dk=",
      "dev": true,
      "requires": {
        "slash": "1.0.0"
      }
    },
    "slash": {
      "version": "1.0.0",
      "resolved": "https://registry.npmjs.org/slash/-/slash-1.0.0.tgz",
      "integrity": "sha1-xB8vbDn8FtHNF61LXYlhFK5HDVU=",
      "dev": true
    },
    "use-yarn": {
      "version": "2.1.0",
      "resolved": "https://registry.npmjs.org/use-yarn/-/use-yarn-2.1.0.tgz",
      "integrity": "sha1-xWK9Z9WHrMIjW2jxyzLo9n3mGsM=",
      "dev": true,
      "requires": {
        "is-npm-not-yarn": "2.0.4"
      }
    }
  }
}
